
Microsoft Visual Studio Solution File, Format Version 11.00
# Visual Studio 2010
Project("{FAE04EC0-301F-11D3-BF4B-00C04F79EFBC}") = "BBMRIData", "BBMRIData\BBMRIData.csproj", "{387C98D3-86BA-450E-8BE1-FE273A182640}"
EndProject
Project("{2150E333-8FDC-42A3-9474-1A3956D46DE8}") = "Solution Items", "Solution Items", "{5AD1D249-F410-4E7D-B61C-0B236A0D8614}"
	ProjectSection(SolutionItems) = preProject
		BBMRIData.vsmdi = BBMRIData.vsmdi
		Local.testsettings = Local.testsettings
		TraceAndTestImpact.testsettings = TraceAndTestImpact.testsettings
	EndProjectSection
EndProject
Project("{FAE04EC0-301F-11D3-BF4B-00C04F79EFBC}") = "CSVImportExample", "..\CSVImportExample\CSVImportExample\CSVImportExample.csproj", "{A72B492C-C363-4118-B574-1A1E95D726D4}"
EndProject
Global
	GlobalSection(TestCaseManagementSettings) = postSolution
		CategoryFile = BBMRIData.vsmdi
	EndGlobalSection
	GlobalSection(SolutionConfigurationPlatforms) = preSolution
		Debug|Any CPU = Debug|Any CPU
		Debug|Mixed Platforms = Debug|Mixed Platforms
		Debug|x86 = Debug|x86
		Release|Any CPU = Release|Any CPU
		Release|Mixed Platforms = Release|Mixed Platforms
		Release|x86 = Release|x86
	EndGlobalSection
	GlobalSection(ProjectConfigurationPlatforms) = postSolution
		{387C98D3-86BA-450E-8BE1-FE273A182640}.Debug|Any CPU.ActiveCfg = Debug|x86
		{387C98D3-86BA-450E-8BE1-FE273A182640}.Debug|Mixed Platforms.ActiveCfg = Debug|x86
		{387C98D3-86BA-450E-8BE1-FE273A182640}.Debug|Mixed Platforms.Build.0 = Debug|x86
		{387C98D3-86BA-450E-8BE1-FE273A182640}.Debug|x86.ActiveCfg = Debug|x86
		{387C98D3-86BA-450E-8BE1-FE273A182640}.Debug|x86.Build.0 = Debug|x86
		{387C98D3-86BA-450E-8BE1-FE273A182640}.Release|Any CPU.ActiveCfg = Release|x86
		{387C98D3-86BA-450E-8BE1-FE273A182640}.Release|Mixed Platforms.ActiveCfg = Release|x86
		{387C98D3-86BA-450E-8BE1-FE273A182640}.Release|Mixed Platforms.Build.0 = Release|x86
		{387C98D3-86BA-450E-8BE1-FE273A182640}.Release|x86.ActiveCfg = Release|x86
		{387C98D3-86BA-450E-8BE1-FE273A182640}.Release|x86.Build.0 = Release|x86
		{A72B492C-C363-4118-B574-1A1E95D726D4}.Debug|Any CPU.ActiveCfg = Debug|x86
		{A72B492C-C363-4118-B574-1A1E95D726D4}.Debug|Mixed Platforms.ActiveCfg = Debug|x86
		{A72B492C-C363-4118-B574-1A1E95D726D4}.Debug|Mixed Platforms.Build.0 = Debug|x86
		{A72B492C-C363-4118-B574-1A1E95D726D4}.Debug|x86.ActiveCfg = Debug|x86
		{A72B492C-C363-4118-B574-1A1E95D726D4}.Debug|x86.Build.0 = Debug|x86
		{A72B492C-C363-4118-B574-1A1E95D726D4}.Release|Any CPU.ActiveCfg = Release|x86
		{A72B492C-C363-4118-B574-1A1E95D726D4}.Release|Mixed Platforms.ActiveCfg = Release|x86
		{A72B492C-C363-4118-B574-1A1E95D726D4}.Release|Mixed Platforms.Build.0 = Release|x86
		{A72B492C-C363-4118-B574-1A1E95D726D4}.Release|x86.ActiveCfg = Release|x86
		{A72B492C-C363-4118-B574-1A1E95D726D4}.Release|x86.Build.0 = Release|x86
	EndGlobalSection
	GlobalSection(SolutionProperties) = preSolution
		HideSolutionNode = FALSE
	EndGlobalSection
EndGlobal
